
Microsoft Visual Studio Solution File, Format Version 12.00
# Visual Studio Version 16
VisualStudioVersion = 16.0.30804.86
MinimumVisualStudioVersion = 10.0.40219.1
Project("{FAE04EC0-301F-11D3-BF4B-00C04F79EFBC}") = "minsplit", "minsplit\minsplit.csproj", "{195D0710-2340-4A44-9A7B-C47546CB312A}"
EndProject
Global
	GlobalSection(SolutionConfigurationPlatforms) = preSolution
		Debug|Any CPU = Debug|Any CPU
		Release|Any CPU = Release|Any CPU
	EndGlobalSection
	GlobalSection(ProjectConfigurationPlatforms) = postSolution
		{195D0710-2340-4A44-9A7B-C47546CB312A}.Debug|Any CPU.ActiveCfg = Debug|Any CPU
		{195D0710-2340-4A44-9A7B-C47546CB312A}.Debug|Any CPU.Build.0 = Debug|Any CPU
		{195D0710-2340-4A44-9A7B-C47546CB312A}.Release|Any CPU.ActiveCfg = Release|Any CPU
		{195D0710-2340-4A44-9A7B-C47546CB312A}.Release|Any CPU.Build.0 = Release|Any CPU
	EndGlobalSection
	GlobalSection(SolutionProperties) = preSolution
		HideSolutionNode = FALSE
	EndGlobalSection
	GlobalSection(ExtensibilityGlobals) = postSolution
		SolutionGuid = {D23B89B6-66A6-46DA-809A-6584FD116431}
	EndGlobalSection
EndGlobal
